version = 1
revision = 3
requires-python = ">=3.12"

[[package]]
name = "colorama"
version = "0.4.6"
source = { registry = "https://pypi.org/simple" }
sdist = { url = "https://files.pythonhosted.org/packages/d8/53/6f443c9a4a8358a93a6792e2acffb9d9d5cb0a5cfd8802644b7b1c9a02e4/colorama-0.4.6.tar.gz", hash = "sha256:08695f5cb7ed6e0531a20572697297273c47b8cae5a63ffc6d6ed5c201be6e44", size = 27697, upload-time = "2022-10-25T02:36:22.414Z" }
wheels = [
    { url = "https://files.pythonhosted.org/packages/d1/d6/3965ed04c63042e047cb6a3e6ed1a63a35087b6a609aa3a15ed8ac56c221/colorama-0.4.6-py2.py3-none-any.whl", hash = "sha256:4f1d9991f5acc0ca119f9d443620b77f9d6b33703e51011c16baf57afb285fc6", size = 25335, upload-time = "2022-10-25T02:36:20.889Z" },
]

[[package]]
name = "iniconfig"
version = "2.3.0"
source = { registry = "https://pypi.org/simple" }
sdist = { url = "https://files.pythonhosted.org/packages/72/34/14ca021ce8e5dfedc35312d08ba8bf51fdd999c576889fc2c24cb97f4f10/iniconfig-2.3.0.tar.gz", hash = "sha256:c76315c77db068650d49c5b56314774a7804df16fee4402c1f19d6d15d8c4730", size = 20503, upload-time = "2025-10-18T21:55:43.219Z" }
wheels = [
    { url = "https://files.pythonhosted.org/packages/cb/b1/3846dd7f199d53cb17f49cba7e651e9ce294d8497c8c150530ed11865bb8/iniconfig-2.3.0-py3-none-any.whl", hash = "sha256:f631c04d2c48c52b84d0d0549c99ff3859c98df65b3101406327ecc7d53fbf12", size = 7484, upload-time = "2025-10-18T21:55:41.639Z" },
]

[[package]]
name = "packaging"
version = "26.3"
source = { registry = "https://pypi.org/simple" }
sdist = { url = "https://files.pythonhosted.org/packages/7d/fa/3944b40b07da9ce895c0e6303a5ab7d53da063554f534556b134a54d6093/packaging-26.3.tar.gz", hash = "sha256:94edc256424af38762eb31306eed28beb9f0efc50a8837492c9d6fd6004aed79", size = 313412, upload-time = "2026-08-04T18:15:28.737Z" }
wheels = [
    { url = "https://files.pythonhosted.org/packages/63/34/ba1c580383c9eada3711951fef0795c80b829a078d72188184bcab9dd527/packaging-26.3-py3-none-any.whl", hash = "sha256:d7193f7c8e4e93f444fde0262bf90af30e16fa0ad0ad44cb553c87339b23cd1c", size = 129956, upload-time = "2026-08-04T18:15:27.159Z" },
]

[[package]]
name = "pluggy"
version = "1.6.0"
source = { registry = "https://pypi.org/simple" }
sdist = { url = "https://files.pythonhosted.org/packages/f9/e2/3e91f31a7d2b083fe6ef3fa267035b518369d9511ffab804f839851d2779/pluggy-1.6.0.tar.gz", hash = "sha256:7dcc130b76258d33b90f61b658791dede3486c3e6bfb003ee5c9bfb396dd22f3", size = 69412, upload-time = "2025-05-15T12:30:07.975Z" }
wheels = [
    { url = "https://files.pythonhosted.org/packages/54/20/4d324d65cc6d9205fabedc306948156824eb9f0ee1633355a8f7ec5c66bf/pluggy-1.6.0-py3-none-any.whl", hash = "sha256:e920276dd6813095e9377c0bc5566d94c932c33b27a3e3945d8389c374dd4746", size = 20538, upload-time = "2025-05-15T12:30:06.134Z" },
]

[[package]]
name = "pygments"
version = "2.21.0"
source = { registry = "https://pypi.org/simple" }
sdist = { url = "https://files.pythonhosted.org/packages/49/2e/ced460408999b33da6b31b0021b0f37d329e202d4169aeb164493778f25b/pygments-2.21.0.tar.gz", hash = "sha256:610ca751c9bc2492b38eb9a38a7fbc93edbbb2d7182edaf34e66ae493dee5c8c", size = 5005329, upload-time = "2026-08-17T08:02:48.824Z" }
wheels = [
    { url = "https://files.pythonhosted.org/packages/71/46/17f022dd3e953bf20a04a028a21ec746d942f8d2af30fa0f124fa0e6a684/pygments-2.21.0-py3-none-any.whl", hash = "sha256:2363c69b61c4a97c838da3b130dcd6468f4848992b21a82f2a63ec34377137d9", size = 1250147, upload-time = "2026-08-17T08:02:44.912Z" },
]

[[package]]
name = "pytest"
version = "9.1.1"
source = { registry = "https://pypi.org/simple" }
dependencies = [
    { name = "colorama", marker = "sys_platform == 'win32'" },
    { name = "iniconfig" },
    { name = "packaging" },
    { name = "pluggy" },
    { name = "pygments" },
]
sdist = { url = "https://files.pythonhosted.org/packages/e4/47/b9efed96c114afcfa3c9d3fe98a76a1d14c74a9e266d397cf6eb64be5e01/pytest-9.1.1.tar.gz", hash = "sha256:1088fbde8f2b49d95a549a195707afa7a76a3ce9bcadc26b6d71f0ffda5fe313", size = 1636369, upload-time = "2026-06-19T10:58:32.857Z" }
wheels = [
    { url = "https://files.pythonhosted.org/packages/24/25/1de2678b631f5a49215c6c96fff41ba892b0a34df68d6d80292b1b48aa7f/pytest-9.1.1-py3-none-any.whl", hash = "sha256:37a86b45efb9a47a61a36449063e8e18d0cab3161329fc099eb21783169c4f0c", size = 386536, upload-time = "2026-06-19T10:58:31.347Z" },
]

[[package]]
name = "ruamel-yaml"
version = "0.18.17"
source = { registry = "https://pypi.org/simple" }
dependencies = [
    { name = "ruamel-yaml-clib", marker = "python_full_version < '3.15' and platform_python_implementation == 'CPython'" },
]
sdist = { url = "https://files.pythonhosted.org/packages/3a/2b/7a1f1ebcd6b3f14febdc003e658778d81e76b40df2267904ee6b13f0c5c6/ruamel_yaml-0.18.17.tar.gz", hash = "sha256:9091cd6e2d93a3a4b157ddb8fabf348c3de7f1fb1381346d985b6b247dcd8d3c", size = 149602, upload-time = "2025-12-17T20:02:55.757Z" }
wheels = [
    { url = "https://files.pythonhosted.org/packages/af/fe/b6045c782f1fd1ae317d2a6ca1884857ce5c20f59befe6ab25a8603c43a7/ruamel_yaml-0.18.17-py3-none-any.whl", hash = "sha256:9c8ba9eb3e793efdf924b60d521820869d5bf0cb9c6f1b82d82de8295e290b9d", size = 121594, upload-time = "2025-12-17T20:02:07.657Z" },
]

[[package]]
name = "ruamel-yaml-clib"
version = "0.2.15"
source = { registry = "https://pypi.org/simple" }
sdist = { url = "https://files.pythonhosted.org/packages/ea/97/60fda20e2fb54b83a61ae14648b0817c8f5d84a3821e40bfbdae1437026a/ruamel_yaml_clib-0.2.15.tar.gz", hash = "sha256:46e4cc8c43ef6a94885f72512094e482114a8a706d3c555a34ed4b0d20200600", size = 225794, upload-time = "2025-11-16T16:12:59.761Z" }
wheels = [
    { url = "https://files.pythonhosted.org/packages/72/4b/5fde11a0722d676e469d3d6f78c6a17591b9c7e0072ca359801c4bd17eee/ruamel_yaml_clib-0.2.15-cp312-cp312-macosx_10_13_x86_64.whl", hash = "sha256:cb15a2e2a90c8475df45c0949793af1ff413acfb0a716b8b94e488ea95ce7cff", size = 149088, upload-time = "2025-11-16T16:13:22.836Z" },
    { url = "https://files.pythonhosted.org/packages/85/82/4d08ac65ecf0ef3b046421985e66301a242804eb9a62c93ca3437dc94ee0/ruamel_yaml_clib-0.2.15-cp312-cp312-macosx_11_0_arm64.whl", hash = "sha256:64da03cbe93c1e91af133f5bec37fd24d0d4ba2418eaf970d7166b0a26a148a2", size = 134553, upload-time = "2025-11-16T16:13:24.151Z" },
    { url = "https://files.pythonhosted.org/packages/b9/cb/22366d68b280e281a932403b76da7a988108287adff2bfa5ce881200107a/ruamel_yaml_clib-0.2.15-cp312-cp312-manylinux1_i686.manylinux_2_28_i686.manylinux_2_5_i686.whl", hash = "sha256:f6d3655e95a80325b84c4e14c080b2470fe4f33b6846f288379ce36154993fb1", size = 737468, upload-time = "2025-11-16T20:22:47.335Z" },
    { url = "https://files.pythonhosted.org/packages/71/73/81230babf8c9e33770d43ed9056f603f6f5f9665aea4177a2c30ae48e3f3/ruamel_yaml_clib-0.2.15-cp312-cp312-manylinux2014_aarch64.manylinux_2_17_aarch64.manylinux_2_28_aarch64.whl", hash = "sha256:71845d377c7a47afc6592aacfea738cc8a7e876d586dfba814501d8c53c1ba60", size = 753349, upload-time = "2025-11-16T16:13:26.269Z" },
    { url = "https://files.pythonhosted.org/packages/61/62/150c841f24cda9e30f588ef396ed83f64cfdc13b92d2f925bb96df337ba9/ruamel_yaml_clib-0.2.15-cp312-cp312-manylinux2014_x86_64.manylinux_2_17_x86_64.manylinux_2_28_x86_64.whl", hash = "sha256:11e5499db1ccbc7f4b41f0565e4f799d863ea720e01d3e99fa0b7b5fcd7802c9", size = 788211, upload-time = "2025-11-16T16:13:27.441Z" },
    { url = "https://files.pythonhosted.org/packages/30/93/e79bd9cbecc3267499d9ead919bd61f7ddf55d793fb5ef2b1d7d92444f35/ruamel_yaml_clib-0.2.15-cp312-cp312-musllinux_1_2_aarch64.whl", hash = "sha256:4b293a37dc97e2b1e8a1aec62792d1e52027087c8eea4fc7b5abd2bdafdd6642", size = 743203, upload-time = "2025-11-16T16:13:28.671Z" },
    { url = "https://files.pythonhosted.org/packages/8d/06/1eb640065c3a27ce92d76157f8efddb184bd484ed2639b712396a20d6dce/ruamel_yaml_clib-0.2.15-cp312-cp312-musllinux_1_2_i686.whl", hash = "sha256:512571ad41bba04eac7268fe33f7f4742210ca26a81fe0c75357fa682636c690", size = 747292, upload-time = "2025-11-16T20:22:48.584Z" },
    { url = "https://files.pythonhosted.org/packages/a5/21/ee353e882350beab65fcc47a91b6bdc512cace4358ee327af2962892ff16/ruamel_yaml_clib-0.2.15-cp312-cp312-musllinux_1_2_x86_64.whl", hash = "sha256:e5e9f630c73a490b758bf14d859a39f375e6999aea5ddd2e2e9da89b9953486a", size = 771624, upload-time = "2025-11-16T16:13:29.853Z" },
    { url = "https://files.pythonhosted.org/packages/57/34/cc1b94057aa867c963ecf9ea92ac59198ec2ee3a8d22a126af0b4d4be712/ruamel_yaml_clib-0.2.15-cp312-cp312-win32.whl", hash = "sha256:f4421ab780c37210a07d138e56dd4b51f8642187cdfb433eb687fe8c11de0144", size = 100342, upload-time = "2025-11-16T16:13:31.067Z" },
    { url = "https://files.pythonhosted.org/packages/b3/e5/8925a4208f131b218f9a7e459c0d6fcac8324ae35da269cb437894576366/ruamel_yaml_clib-0.2.15-cp312-cp312-win_amd64.whl", hash = "sha256:2b216904750889133d9222b7b873c199d48ecbb12912aca78970f84a5aa1a4bc", size = 119013, upload-time = "2025-11-16T16:13:32.164Z" },
    { url = "https://files.pythonhosted.org/packages/17/5e/2f970ce4c573dc30c2f95825f2691c96d55560268ddc67603dc6ea2dd08e/ruamel_yaml_clib-0.2.15-cp313-cp313-macosx_10_13_x86_64.whl", hash = "sha256:4dcec721fddbb62e60c2801ba08c87010bd6b700054a09998c4d09c08147b8fb", size = 147450, upload-time = "2025-11-16T16:13:33.542Z" },
    { url = "https://files.pythonhosted.org/packages/d6/03/a1baa5b94f71383913f21b96172fb3a2eb5576a4637729adbf7cd9f797f8/ruamel_yaml_clib-0.2.15-cp313-cp313-macosx_11_0_arm64.whl", hash = "sha256:65f48245279f9bb301d1276f9679b82e4c080a1ae25e679f682ac62446fac471", size = 133139, upload-time = "2025-11-16T16:13:34.587Z" },
    { url = "https://files.pythonhosted.org/packages/dc/19/40d676802390f85784235a05788fd28940923382e3f8b943d25febbb98b7/ruamel_yaml_clib-0.2.15-cp313-cp313-manylinux1_i686.manylinux_2_28_i686.manylinux_2_5_i686.whl", hash = "sha256:46895c17ead5e22bea5e576f1db7e41cb273e8d062c04a6a49013d9f60996c25", size = 731474, upload-time = "2025-11-16T20:22:49.934Z" },
    { url = "https://files.pythonhosted.org/packages/ce/bb/6ef5abfa43b48dd55c30d53e997f8f978722f02add61efba31380d73e42e/ruamel_yaml_clib-0.2.15-cp313-cp313-manylinux2014_aarch64.manylinux_2_17_aarch64.manylinux_2_28_aarch64.whl", hash = "sha256:3eb199178b08956e5be6288ee0b05b2fb0b5c1f309725ad25d9c6ea7e27f962a", size = 748047, upload-time = "2025-11-16T16:13:35.633Z" },
    { url = "https://files.pythonhosted.org/packages/ff/5d/e4f84c9c448613e12bd62e90b23aa127ea4c46b697f3d760acc32cb94f25/ruamel_yaml_clib-0.2.15-cp313-cp313-manylinux2014_x86_64.manylinux_2_17_x86_64.manylinux_2_28_x86_64.whl", hash = "sha256:4d1032919280ebc04a80e4fb1e93f7a738129857eaec9448310e638c8bccefcf", size = 782129, upload-time = "2025-11-16T16:13:36.781Z" },
    { url = "https://files.pythonhosted.org/packages/de/4b/e98086e88f76c00c88a6bcf15eae27a1454f661a9eb72b111e6bbb69024d/ruamel_yaml_clib-0.2.15-cp313-cp313-musllinux_1_2_aarch64.whl", hash = "sha256:ab0df0648d86a7ecbd9c632e8f8d6b21bb21b5fc9d9e095c796cacf32a728d2d", size = 736848, upload-time = "2025-11-16T16:13:37.952Z" },
    { url = "https://files.pythonhosted.org/packages/0c/5c/5964fcd1fd9acc53b7a3a5d9a05ea4f95ead9495d980003a557deb9769c7/ruamel_yaml_clib-0.2.15-cp313-cp313-musllinux_1_2_i686.whl", hash = "sha256:331fb180858dd8534f0e61aa243b944f25e73a4dae9962bd44c46d1761126bbf", size = 741630, upload-time = "2025-11-16T20:22:51.718Z" },
    { url = "https://files.pythonhosted.org/packages/07/1e/99660f5a30fceb58494598e7d15df883a07292346ef5696f0c0ae5dee8c6/ruamel_yaml_clib-0.2.15-cp313-cp313-musllinux_1_2_x86_64.whl", hash = "sha256:fd4c928ddf6bce586285daa6d90680b9c291cfd045fc40aad34e445d57b1bf51", size = 766619, upload-time = "2025-11-16T16:13:39.178Z" },
    { url = "https://files.pythonhosted.org/packages/36/2f/fa0344a9327b58b54970e56a27b32416ffbcfe4dcc0700605516708579b2/ruamel_yaml_clib-0.2.15-cp313-cp313-win32.whl", hash = "sha256:bf0846d629e160223805db9fe8cc7aec16aaa11a07310c50c8c7164efa440aec", size = 100171, upload-time = "2025-11-16T16:13:40.456Z" },
    { url = "https://files.pythonhosted.org/packages/06/c4/c124fbcef0684fcf3c9b72374c2a8c35c94464d8694c50f37eef27f5a145/ruamel_yaml_clib-0.2.15-cp313-cp313-win_amd64.whl", hash = "sha256:45702dfbea1420ba3450bb3dd9a80b33f0badd57539c6aac09f42584303e0db6", size = 118845, upload-time = "2025-11-16T16:13:41.481Z" },
    { url = "https://files.pythonhosted.org/packages/3e/bd/ab8459c8bb759c14a146990bf07f632c1cbec0910d4853feeee4be2ab8bb/ruamel_yaml_clib-0.2.15-cp314-cp314-macosx_10_15_x86_64.whl", hash = "sha256:753faf20b3a5906faf1fc50e4ddb8c074cb9b251e00b14c18b28492f933ac8ef", size = 147248, upload-time = "2025-11-16T16:13:42.872Z" },
    { url = "https://files.pythonhosted.org/packages/69/f2/c4cec0a30f1955510fde498aac451d2e52b24afdbcb00204d3a951b772c3/ruamel_yaml_clib-0.2.15-cp314-cp314-macosx_11_0_arm64.whl", hash = "sha256:480894aee0b29752560a9de46c0e5f84a82602f2bc5c6cde8db9a345319acfdf", size = 133764, upload-time = "2025-11-16T16:13:43.932Z" },
    { url = "https://files.pythonhosted.org/packages/82/c7/2480d062281385a2ea4f7cc9476712446e0c548cd74090bff92b4b49e898/ruamel_yaml_clib-0.2.15-cp314-cp314-manylinux1_i686.manylinux_2_28_i686.manylinux_2_5_i686.whl", hash = "sha256:4d3b58ab2454b4747442ac76fab66739c72b1e2bb9bd173d7694b9f9dbc9c000", size = 730537, upload-time = "2025-11-16T20:22:52.918Z" },
    { url = "https://files.pythonhosted.org/packages/75/08/e365ee305367559f57ba6179d836ecc3d31c7d3fdff2a40ebf6c32823a1f/ruamel_yaml_clib-0.2.15-cp314-cp314-manylinux2014_aarch64.manylinux_2_17_aarch64.manylinux_2_28_aarch64.whl", hash = "sha256:bfd309b316228acecfa30670c3887dcedf9b7a44ea39e2101e75d2654522acd4", size = 746944, upload-time = "2025-11-16T16:13:45.338Z" },
    { url = "https://files.pythonhosted.org/packages/a1/5c/8b56b08db91e569d0a4fbfa3e492ed2026081bdd7e892f63ba1c88a2f548/ruamel_yaml_clib-0.2.15-cp314-cp314-manylinux2014_x86_64.manylinux_2_17_x86_64.manylinux_2_28_x86_64.whl", hash = "sha256:2812ff359ec1f30129b62372e5f22a52936fac13d5d21e70373dbca5d64bb97c", size = 778249, upload-time = "2025-11-16T16:13:46.871Z" },
    { url = "https://files.pythonhosted.org/packages/6a/1d/70dbda370bd0e1a92942754c873bd28f513da6198127d1736fa98bb2a16f/ruamel_yaml_clib-0.2.15-cp314-cp314-musllinux_1_2_aarch64.whl", hash = "sha256:7e74ea87307303ba91073b63e67f2c667e93f05a8c63079ee5b7a5c8d0d7b043", size = 737140, upload-time = "2025-11-16T16:13:48.349Z" },
    { url = "https://files.pythonhosted.org/packages/5b/87/822d95874216922e1120afb9d3fafa795a18fdd0c444f5c4c382f6dac761/ruamel_yaml_clib-0.2.15-cp314-cp314-musllinux_1_2_i686.whl", hash = "sha256:713cd68af9dfbe0bb588e144a61aad8dcc00ef92a82d2e87183ca662d242f524", size = 741070, upload-time = "2025-11-16T20:22:54.151Z" },
    { url = "https://files.pythonhosted.org/packages/b9/17/4e01a602693b572149f92c983c1f25bd608df02c3f5cf50fd1f94e124a59/ruamel_yaml_clib-0.2.15-cp314-cp314-musllinux_1_2_x86_64.whl", hash = "sha256:542d77b72786a35563f97069b9379ce762944e67055bea293480f7734b2c7e5e", size = 765882, upload-time = "2025-11-16T16:13:49.526Z" },
    { url = "https://files.pythonhosted.org/packages/9f/17/7999399081d39ebb79e807314de6b611e1d1374458924eb2a489c01fc5ad/ruamel_yaml_clib-0.2.15-cp314-cp314-win32.whl", hash = "sha256:424ead8cef3939d690c4b5c85ef5b52155a231ff8b252961b6516ed7cf05f6aa", size = 102567, upload-time = "2025-11-16T16:13:50.78Z" },
    { url = "https://files.pythonhosted.org/packages/d2/67/be582a7370fdc9e6846c5be4888a530dcadd055eef5b932e0e85c33c7d73/ruamel_yaml_clib-0.2.15-cp314-cp314-win_amd64.whl", hash = "sha256:ac9b8d5fa4bb7fd2917ab5027f60d4234345fd366fe39aa711d5dca090aa1467", size = 122847, upload-time = "2025-11-16T16:13:51.807Z" },
]

[[package]]
name = "second-brain-claude"
version = "0.1.0"
source = { virtual = "." }

[package.dev-dependencies]
dev = [
    { name = "pytest" },
    { name = "ruamel-yaml" },
]

[package.metadata]

[package.metadata.requires-dev]
dev = [
    { name = "pytest", specifier = ">=9,<10" },
    { name = "ruamel-yaml", specifier = ">=0.18,<0.19" },
]
